// !$*UTF8*$!
{
	archiveVersion = 1;
	classes = {
	};
	objectVersion = 50;
	objects = {

/* Begin PBXBuildFile section */
		680E0B082657065E00D70F1E /* AppDelegate.swift in Sources */ = {isa = PBXBuildFile; fileRef = 680E0B072657065E00D70F1E /* AppDelegate.swift */; };
		680E0B0A2657065E00D70F1E /* SceneDelegate.swift in Sources */ = {isa = PBXBuildFile; fileRef = 680E0B092657065E00D70F1E /* SceneDelegate.swift */; };
		680E0B0C2657065E00D70F1E /* ViewController.swift in Sources */ = {isa = PBXBuildFile; fileRef = 680E0B0B2657065E00D70F1E /* ViewController.swift */; };
		680E0B0F2657065E00D70F1E /* Main.storyboard in Resources */ = {isa = PBXBuildFile; fileRef = 680E0B0D2657065E00D70F1E /* Main.storyboard */; };
		680E0B112657065F00D70F1E /* Assets.xcassets in Resources */ = {isa = PBXBuildFile; fileRef = 680E0B102657065F00D70F1E /* Assets.xcassets */; };
		680E0B142657065F00D70F1E /* LaunchScreen.storyboard in Resources */ = {isa = PBXBuildFile; fileRef = 680E0B122657065F00D70F1E /* LaunchScreen.storyboard */; };
		680E0B1C2657094B00D70F1E /* Balham.otf in Resources */ = {isa = PBXBuildFile; fileRef = 680E0B1B2657094A00D70F1E /* Balham.otf */; };
		680E0B2226570C3700D70F1E /* Question.swift in Sources */ = {isa = PBXBuildFile; fileRef = 680E0B2126570C3700D70F1E /* Question.swift */; };
		680E0B2426570DE200D70F1E /* Game.swift in Sources */ = {isa = PBXBuildFile; fileRef = 680E0B2326570DE200D70F1E /* Game.swift */; };
		680E0B2626570F7B00D70F1E /* QuestionManager.swift in Sources */ = {isa = PBXBuildFile; fileRef = 680E0B2526570F7B00D70F1E /* QuestionManager.swift */; };
		68C1F4B32657F791008B84C7 /* QuestionView.swift in Sources */ = {isa = PBXBuildFile; fileRef = 68C1F4B22657F791008B84C7 /* QuestionView.swift */; };
/* End PBXBuildFile section */

/* Begin PBXFileReference section */
		680E0B042657065E00D70F1E /* OpenQuizz.app */ = {isa = PBXFileReference; explicitFileType = wrapper.application; includeInIndex = 0; path = OpenQuizz.app; sourceTree = BUILT_PRODUCTS_DIR; };
		680E0B072657065E00D70F1E /* AppDelegate.swift */ = {isa = PBXFileReference; lastKnownFileType = sourcecode.swift; path = AppDelegate.swift; sourceTree = "<group>"; };
		680E0B092657065E00D70F1E /* SceneDelegate.swift */ = {isa = PBXFileReference; lastKnownFileType = sourcecode.swift; path = SceneDelegate.swift; sourceTree = "<group>"; };
		680E0B0B2657065E00D70F1E /* ViewController.swift */ = {isa = PBXFileReference; lastKnownFileType = sourcecode.swift; path = ViewController.swift; sourceTree = "<group>"; };
		680E0B0E2657065E00D70F1E /* Base */ = {isa = PBXFileReference; lastKnownFileType = file.storyboard; name = Base; path = Base.lproj/Main.storyboard; sourceTree = "<group>"; };
		680E0B102657065F00D70F1E /* Assets.xcassets */ = {isa = PBXFileReference; lastKnownFileType = folder.assetcatalog; path = Assets.xcassets; sourceTree = "<group>"; };
		680E0B132657065F00D70F1E /* Base */ = {isa = PBXFileReference; lastKnownFileType = file.storyboard; name = Base; path = Base.lproj/LaunchScreen.storyboard; sourceTree = "<group>"; };
		680E0B152657065F00D70F1E /* Info.plist */ = {isa = PBXFileReference; lastKnownFileType = text.plist.xml; path = Info.plist; sourceTree = "<group>"; };
		680E0B1B2657094A00D70F1E /* Balham.otf */ = {isa = PBXFileReference; lastKnownFileType = file; path = Balham.otf; sourceTree = "<group>"; };
		680E0B2126570C3700D70F1E /* Question.swift */ = {isa = PBXFileReference; lastKnownFileType = sourcecode.swift; path = Question.swift; sourceTree = "<group>"; };
		680E0B2326570DE200D70F1E /* Game.swift */ = {isa = PBXFileReference; lastKnownFileType = sourcecode.swift; path = Game.swift; sourceTree = "<group>"; };
		680E0B2526570F7B00D70F1E /* QuestionManager.swift */ = {isa = PBXFileReference; lastKnownFileType = sourcecode.swift; path = QuestionManager.swift; sourceTree = "<group>"; };
		68C1F4B22657F791008B84C7 /* QuestionView.swift */ = {isa = PBXFileReference; lastKnownFileType = sourcecode.swift; path = QuestionView.swift; sourceTree = "<group>"; };
/* End PBXFileReference section */

/* Begin PBXFrameworksBuildPhase section */
		680E0B012657065E00D70F1E /* Frameworks */ = {
			isa = PBXFrameworksBuildPhase;
			buildActionMask = 2147483647;
			files = (
			);
			runOnlyForDeploymentPostprocessing = 0;
		};
/* End PBXFrameworksBuildPhase section */

/* Begin PBXGroup section */
		680E0AFB2657065E00D70F1E = {
			isa = PBXGroup;
			children = (
				680E0B062657065E00D70F1E /* OpenQuizz */,
				680E0B052657065E00D70F1E /* Products */,
			);
			sourceTree = "<group>";
		};
		680E0B052657065E00D70F1E /* Products */ = {
			isa = PBXGroup;
			children = (
				680E0B042657065E00D70F1E /* OpenQuizz.app */,
			);
			name = Products;
			sourceTree = "<group>";
		};
		680E0B062657065E00D70F1E /* OpenQuizz */ = {
			isa = PBXGroup;
			children = (
				680E0B152657065F00D70F1E /* Info.plist */,
				680E0B2026570B3500D70F1E /* Supporting Files */,
				680E0B1F26570AAD00D70F1E /* View */,
				680E0B1E26570AAB00D70F1E /* Contoller */,
				680E0B1D26570AA800D70F1E /* Model */,
			);
			path = OpenQuizz;
			sourceTree = "<group>";
		};
		680E0B1D26570AA800D70F1E /* Model */ = {
			isa = PBXGroup;
			children = (
				680E0B2126570C3700D70F1E /* Question.swift */,
				680E0B2326570DE200D70F1E /* Game.swift */,
				680E0B2526570F7B00D70F1E /* QuestionManager.swift */,
			);
			path = Model;
			sourceTree = "<group>";
		};
		680E0B1E26570AAB00D70F1E /* Contoller */ = {
			isa = PBXGroup;
			children = (
				680E0B0B2657065E00D70F1E /* ViewController.swift */,
			);
			path = Contoller;
			sourceTree = "<group>";
		};
		680E0B1F26570AAD00D70F1E /* View */ = {
			isa = PBXGroup;
			children = (
				680E0B0D2657065E00D70F1E /* Main.storyboard */,
				68C1F4B22657F791008B84C7 /* QuestionView.swift */,
			);
			path = View;
			sourceTree = "<group>";
		};
		680E0B2026570B3500D70F1E /* Supporting Files */ = {
			isa = PBXGroup;
			children = (
				680E0B072657065E00D70F1E /* AppDelegate.swift */,
				680E0B092657065E00D70F1E /* SceneDelegate.swift */,
				680E0B102657065F00D70F1E /* Assets.xcassets */,
				680E0B1B2657094A00D70F1E /* Balham.otf */,
				680E0B122657065F00D70F1E /* LaunchScreen.storyboard */,
			);
			path = "Supporting Files";
			sourceTree = "<group>";
		};
/* End PBXGroup section */

/* Begin PBXNativeTarget section */
		680E0B032657065E00D70F1E /* OpenQuizz */ = {
			isa = PBXNativeTarget;
			buildConfigurationList = 680E0B182657065F00D70F1E /* Build configuration list for PBXNativeTarget "OpenQuizz" */;
			buildPhases = (
				680E0B002657065E00D70F1E /* Sources */,
				680E0B012657065E00D70F1E /* Frameworks */,
				680E0B022657065E00D70F1E /* Resources */,
			);
			buildRules = (
			);
			dependencies = (
			);
			name = OpenQuizz;
			productName = OpenQuizz;
			productReference = 680E0B042657065E00D70F1E /* OpenQuizz.app */;
			productType = "com.apple.product-type.application";
		};
/* End PBXNativeTarget section */

/* Begin PBXProject section */
		680E0AFC2657065E00D70F1E /* Project object */ = {
			isa = PBXProject;
			attributes = {
				LastSwiftUpdateCheck = 1250;
				LastUpgradeCheck = 1250;
				TargetAttributes = {
					680E0B032657065E00D70F1E = {
						CreatedOnToolsVersion = 12.5;
					};
				};
			};
			buildConfigurationList = 680E0AFF2657065E00D70F1E /* Build configuration list for PBXProject "OpenQuizz" */;
			compatibilityVersion = "Xcode 9.3";
			developmentRegion = en;
			hasScannedForEncodings = 0;
			knownRegions = (
				en,
				Base,
			);
			mainGroup = 680E0AFB2657065E00D70F1E;
			productRefGroup = 680E0B052657065E00D70F1E /* Products */;
			projectDirPath = "";
			projectRoot = "";
			targets = (
				680E0B032657065E00D70F1E /* OpenQuizz */,
			);
		};
/* End PBXProject section */

/* Begin PBXResourcesBuildPhase section */
		680E0B022657065E00D70F1E /* Resources */ = {
			isa = PBXResourcesBuildPhase;
			buildActionMask = 2147483647;
			files = (
				680E0B142657065F00D70F1E /* LaunchScreen.storyboard in Resources */,
				680E0B112657065F00D70F1E /* Assets.xcassets in Resources */,
				680E0B1C2657094B00D70F1E /* Balham.otf in Resources */,
				680E0B0F2657065E00D70F1E /* Main.storyboard in Resources */,
			);
			runOnlyForDeploymentPostprocessing = 0;
		};
/* End PBXResourcesBuildPhase section */

/* Begin PBXSourcesBuildPhase section */
		680E0B002657065E00D70F1E /* Sources */ = {
			isa = PBXSourcesBuildPhase;
			buildActionMask = 2147483647;
			files = (
				680E0B0C2657065E00D70F1E /* ViewController.swift in Sources */,
				680E0B2426570DE200D70F1E /* Game.swift in Sources */,
				680E0B2226570C3700D70F1E /* Question.swift in Sources */,
				68C1F4B32657F791008B84C7 /* QuestionView.swift in Sources */,
				680E0B082657065E00D70F1E /* AppDelegate.swift in Sources */,
				680E0B0A2657065E00D70F1E /* SceneDelegate.swift in Sources */,
				680E0B2626570F7B00D70F1E /* QuestionManager.swift in Sources */,
			);
			runOnlyForDeploymentPostprocessing = 0;
		};
/* End PBXSourcesBuildPhase section */

/* Begin PBXVariantGroup section */
		680E0B0D2657065E00D70F1E /* Main.storyboard */ = {
			isa = PBXVariantGroup;
			children = (
				680E0B0E2657065E00D70F1E /* Base */,
			);
			name = Main.storyboard;
			sourceTree = "<group>";
		};
		680E0B122657065F00D70F1E /* LaunchScreen.storyboard */ = {
			isa = PBXVariantGroup;
			children = (
				680E0B132657065F00D70F1E /* Base */,
			);
			name = LaunchScreen.storyboard;
			sourceTree = "<group>";
		};
/* End PBXVariantGroup section */

/* Begin XCBuildConfiguration section */
		680E0B162657065F00D70F1E /* Debug */ = {
			isa = XCBuildConfiguration;
			buildSettings = {
				ALWAYS_SEARCH_USER_PATHS = NO;
				CLANG_ANALYZER_NONNULL = YES;
				CLANG_ANALYZER_NUMBER_OBJECT_CONVERSION = YES_AGGRESSIVE;
				CLANG_CXX_LANGUAGE_STANDARD = "gnu++14";
				CLANG_CXX_LIBRARY = "libc++";
				CLANG_ENABLE_MODULES = YES;
				CLANG_ENABLE_OBJC_ARC = YES;
				CLANG_ENABLE_OBJC_WEAK = YES;
				CLANG_WARN_BLOCK_CAPTURE_AUTORELEASING = YES;
				CLANG_WARN_BOOL_CONVERSION = YES;
				CLANG_WARN_COMMA = YES;
				CLANG_WARN_CONSTANT_CONVERSION = YES;
				CLANG_WARN_DEPRECATED_OBJC_IMPLEMENTATIONS = YES;
				CLANG_WARN_DIRECT_OBJC_ISA_USAGE = YES_ERROR;
				CLANG_WARN_DOCUMENTATION_COMMENTS = YES;
				CLANG_WARN_EMPTY_BODY = YES;
				CLANG_WARN_ENUM_CONVERSION = YES;
				CLANG_WARN_INFINITE_RECURSION = YES;
				CLANG_WARN_INT_CONVERSION = YES;
				CLANG_WARN_NON_LITERAL_NULL_CONVERSION = YES;
				CLANG_WARN_OBJC_IMPLICIT_RETAIN_SELF = YES;
				CLANG_WARN_OBJC_LITERAL_CONVERSION = YES;
				CLANG_WARN_OBJC_ROOT_CLASS = YES_ERROR;
				CLANG_WARN_QUOTED_INCLUDE_IN_FRAMEWORK_HEADER = YES;
				CLANG_WARN_RANGE_LOOP_ANALYSIS = YES;
				CLANG_WARN_STRICT_PROTOTYPES = YES;
				CLANG_WARN_SUSPICIOUS_MOVE = YES;
				CLANG_WARN_UNGUARDED_AVAILABILITY = YES_AGGRESSIVE;
				CLANG_WARN_UNREACHABLE_CODE = YES;
				CLANG_WARN__DUPLICATE_METHOD_MATCH = YES;
				COPY_PHASE_STRIP = NO;
				DEBUG_INFORMATION_FORMAT = dwarf;
				ENABLE_STRICT_OBJC_MSGSEND = YES;
				ENABLE_TESTABILITY = YES;
				GCC_C_LANGUAGE_STANDARD = gnu11;
				GCC_DYNAMIC_NO_PIC = NO;
				GCC_NO_COMMON_BLOCKS = YES;
				GCC_OPTIMIZATION_LEVEL = 0;
				GCC_PREPROCESSOR_DEFINITIONS = (
					"DEBUG=1",
					"$(inherited)",
				);
				GCC_WARN_64_TO_32_BIT_CONVERSION = YES;
				GCC_WARN_ABOUT_RETURN_TYPE = YES_ERROR;
				GCC_WARN_UNDECLARED_SELECTOR = YES;
				GCC_WARN_UNINITIALIZED_AUTOS = YES_AGGRESSIVE;
				GCC_WARN_UNUSED_FUNCTION = YES;
				GCC_WARN_UNUSED_VARIABLE = YES;
				IPHONEOS_DEPLOYMENT_TARGET = 14.5;
				MTL_ENABLE_DEBUG_INFO = INCLUDE_SOURCE;
				MTL_FAST_MATH = YES;
				ONLY_ACTIVE_ARCH = YES;
				SDKROOT = iphoneos;
				SWIFT_ACTIVE_COMPILATION_CONDITIONS = DEBUG;
				SWIFT_OPTIMIZATION_LEVEL = "-Onone";
			};
			name = Debug;
		};
		680E0B172657065F00D70F1E /* Release */ = {
			isa = XCBuildConfiguration;
			buildSettings = {
				ALWAYS_SEARCH_USER_PATHS = NO;
				CLANG_ANALYZER_NONNULL = YES;
				CLANG_ANALYZER_NUMBER_OBJECT_CONVERSION = YES_AGGRESSIVE;
				CLANG_CXX_LANGUAGE_STANDARD = "gnu++14";
				CLANG_CXX_LIBRARY = "libc++";
				CLANG_ENABLE_MODULES = YES;
				CLANG_ENABLE_OBJC_ARC = YES;
				CLANG_ENABLE_OBJC_WEAK = YES;
				CLANG_WARN_BLOCK_CAPTURE_AUTORELEASING = YES;
				CLANG_WARN_BOOL_CONVERSION = YES;
				CLANG_WARN_COMMA = YES;
				CLANG_WARN_CONSTANT_CONVERSION = YES;
				CLANG_WARN_DEPRECATED_OBJC_IMPLEMENTATIONS = YES;
				CLANG_WARN_DIRECT_OBJC_ISA_USAGE = YES_ERROR;
				CLANG_WARN_DOCUMENTATION_COMMENTS = YES;
				CLANG_WARN_EMPTY_BODY = YES;
				CLANG_WARN_ENUM_CONVERSION = YES;
				CLANG_WARN_INFINITE_RECURSION = YES;
				CLANG_WARN_INT_CONVERSION = YES;
				CLANG_WARN_NON_LITERAL_NULL_CONVERSION = YES;
				CLANG_WARN_OBJC_IMPLICIT_RETAIN_SELF = YES;
				CLANG_WARN_OBJC_LITERAL_CONVERSION = YES;
				CLANG_WARN_OBJC_ROOT_CLASS = YES_ERROR;
				CLANG_WARN_QUOTED_INCLUDE_IN_FRAMEWORK_HEADER = YES;
				CLANG_WARN_RANGE_LOOP_ANALYSIS = YES;
				CLANG_WARN_STRICT_PROTOTYPES = YES;
				CLANG_WARN_SUSPICIOUS_MOVE = YES;
				CLANG_WARN_UNGUARDED_AVAILABILITY = YES_AGGRESSIVE;
				CLANG_WARN_UNREACHABLE_CODE = YES;
				CLANG_WARN__DUPLICATE_METHOD_MATCH = YES;
				COPY_PHASE_STRIP = NO;
				DEBUG_INFORMATION_FORMAT = "dwarf-with-dsym";
				ENABLE_NS_ASSERTIONS = NO;
				ENABLE_STRICT_OBJC_MSGSEND = YES;
				GCC_C_LANGUAGE_STANDARD = gnu11;
				GCC_NO_COMMON_BLOCKS = YES;
				GCC_WARN_64_TO_32_BIT_CONVERSION = YES;
				GCC_WARN_ABOUT_RETURN_TYPE = YES_ERROR;
				GCC_WARN_UNDECLARED_SELECTOR = YES;
				GCC_WARN_UNINITIALIZED_AUTOS = YES_AGGRESSIVE;
				GCC_WARN_UNUSED_FUNCTION = YES;
				GCC_WARN_UNUSED_VARIABLE = YES;
				IPHONEOS_DEPLOYMENT_TARGET = 14.5;
				MTL_ENABLE_DEBUG_INFO = NO;
				MTL_FAST_MATH = YES;
				SDKROOT = iphoneos;
				SWIFT_COMPILATION_MODE = wholemodule;
				SWIFT_OPTIMIZATION_LEVEL = "-O";
				VALIDATE_PRODUCT = YES;
			};
			name = Release;
		};
		680E0B192657065F00D70F1E /* Debug */ = {
			isa = XCBuildConfiguration;
			buildSettings = {
				ASSETCATALOG_COMPILER_APPICON_NAME = AppIcon;
				ASSETCATALOG_COMPILER_GLOBAL_ACCENT_COLOR_NAME = AccentColor;
				CODE_SIGN_STYLE = Automatic;
				INFOPLIST_FILE = OpenQuizz/Info.plist;
				LD_RUNPATH_SEARCH_PATHS = (
					"$(inherited)",
					"@executable_path/Frameworks",
				);
				PRODUCT_BUNDLE_IDENTIFIER = com.daviddebehogne.OpenQuizz;
				PRODUCT_NAME = "$(TARGET_NAME)";
				SWIFT_VERSION = 5.0;
				TARGETED_DEVICE_FAMILY = "1,2";
			};
			name = Debug;
		};
		680E0B1A2657065F00D70F1E /* Release */ = {
			isa = XCBuildConfiguration;
			buildSettings = {
				ASSETCATALOG_COMPILER_APPICON_NAME = AppIcon;
				ASSETCATALOG_COMPILER_GLOBAL_ACCENT_COLOR_NAME = AccentColor;
				CODE_SIGN_STYLE = Automatic;
				INFOPLIST_FILE = OpenQuizz/Info.plist;
				LD_RUNPATH_SEARCH_PATHS = (
					"$(inherited)",
					"@executable_path/Frameworks",
				);
				PRODUCT_BUNDLE_IDENTIFIER = com.daviddebehogne.OpenQuizz;
				PRODUCT_NAME = "$(TARGET_NAME)";
				SWIFT_VERSION = 5.0;
				TARGETED_DEVICE_FAMILY = "1,2";
			};
			name = Release;
		};
/* End XCBuildConfiguration section */

/* Begin XCConfigurationList section */
		680E0AFF2657065E00D70F1E /* Build configuration list for PBXProject "OpenQuizz" */ = {
			isa = XCConfigurationList;
			buildConfigurations = (
				680E0B162657065F00D70F1E /* Debug */,
				680E0B172657065F00D70F1E /* Release */,
			);
			defaultConfigurationIsVisible = 0;
			defaultConfigurationName = Release;
		};
		680E0B182657065F00D70F1E /* Build configuration list for PBXNativeTarget "OpenQuizz" */ = {
			isa = XCConfigurationList;
			buildConfigurations = (
				680E0B192657065F00D70F1E /* Debug */,
				680E0B1A2657065F00D70F1E /* Release */,
			);
			defaultConfigurationIsVisible = 0;
			defaultConfigurationName = Release;
		};
/* End XCConfigurationList section */
	};
	rootObject = 680E0AFC2657065E00D70F1E /* Project object */;
}
